// !$*UTF8*$!
{
	archiveVersion = 1;
	classes = {
	};
	objectVersion = 46;
	objects = {

/* Begin PBXBuildFile section */
		11208A271B620BE0C376F9C6 /* ContentView.swift in Sources */ = {isa = PBXBuildFile; fileRef = 9DADCB1FEC66AF1710E6DE85 /* ContentView.swift */; };
		12EFA219B61E02ED3A9BE016 /* Types.swift in Sources */ = {isa = PBXBuildFile; fileRef = 909989B00CE5F927E5215F12 /* Types.swift */; };
		13A054DF234F270AC850E73D /* BusinessCalendar.swift in Sources */ = {isa = PBXBuildFile; fileRef = D74D5A56BDB38F291615EED7 /* BusinessCalendar.swift */; };
		27EC27282FCBE46ED40159B8 /* TimeZones.swift in Sources */ = {isa = PBXBuildFile; fileRef = CB77105E09B498F6E13895F9 /* TimeZones.swift */; };
		36720BEF125D20BB09DABA44 /* CalendarTools.swift in Sources */ = {isa = PBXBuildFile; fileRef = 68B36F14E347AACD85BCDA4B /* CalendarTools.swift */; };
		3C25E5478DD6E97CF21A2389 /* TimeManager.swift in Sources */ = {isa = PBXBuildFile; fileRef = C34BA5C89136718B5901B33E /* TimeManager.swift */; };
		588290D416B8164AD61051CB /* Comparison.swift in Sources */ = {isa = PBXBuildFile; fileRef = 49167DDB596410204B819A39 /* Comparison.swift */; };
		7378207692D63BB3396AB121 /* Formatting.swift in Sources */ = {isa = PBXBuildFile; fileRef = EC9A571D1B36F8EB1A7FA155 /* Formatting.swift */; };
		76208AFFD007B1CE0A334344 /* ExampleApp.swift in Sources */ = {isa = PBXBuildFile; fileRef = 83CD02F1F940C3E3585C0620 /* ExampleApp.swift */; };
		A4EE5484D2D7F9AD22FE6097 /* Foundation.framework in Frameworks */ = {isa = PBXBuildFile; fileRef = DA9F691F50437DD611370ACD /* Foundation.framework */; };
		D60D6D1D25B4AB3DF1885CC5 /* Assets.xcassets in Resources */ = {isa = PBXBuildFile; fileRef = 3E8781CFCE08942B29896FA5 /* Assets.xcassets */; };
		E5F2D3A12B3C4D5E6F708192 /* LaunchScreen.storyboard in Resources */ = {isa = PBXBuildFile; fileRef = E5F2D3A02B3C4D5E6F708192 /* LaunchScreen.storyboard */; };
/* End PBXBuildFile section */

/* Begin PBXFileReference section */
		2594CF5D0CBAD9452D529293 /* ExampleApp.app */ = {isa = PBXFileReference; explicitFileType = wrapper.application; includeInIndex = 0; path = ExampleApp.app; sourceTree = BUILT_PRODUCTS_DIR; };
		33DE5195BDA321078AEAD8D4 /* TimeManagerTests.swift */ = {isa = PBXFileReference; includeInIndex = 1; lastKnownFileType = sourcecode.swift; path = TimeManagerTests.swift; sourceTree = "<group>"; };
		3E8781CFCE08942B29896FA5 /* Assets.xcassets */ = {isa = PBXFileReference; includeInIndex = 1; lastKnownFileType = folder.assetcatalog; path = Assets.xcassets; sourceTree = "<group>"; };
		49167DDB596410204B819A39 /* Comparison.swift */ = {isa = PBXFileReference; includeInIndex = 1; lastKnownFileType = sourcecode.swift; path = Comparison.swift; sourceTree = "<group>"; };
		68B36F14E347AACD85BCDA4B /* CalendarTools.swift */ = {isa = PBXFileReference; includeInIndex = 1; lastKnownFileType = sourcecode.swift; path = CalendarTools.swift; sourceTree = "<group>"; };
		83CD02F1F940C3E3585C0620 /* ExampleApp.swift */ = {isa = PBXFileReference; includeInIndex = 1; lastKnownFileType = sourcecode.swift; path = ExampleApp.swift; sourceTree = "<group>"; };
		909989B00CE5F927E5215F12 /* Types.swift */ = {isa = PBXFileReference; includeInIndex = 1; lastKnownFileType = sourcecode.swift; path = Types.swift; sourceTree = "<group>"; };
		9DADCB1FEC66AF1710E6DE85 /* ContentView.swift */ = {isa = PBXFileReference; includeInIndex = 1; lastKnownFileType = sourcecode.swift; path = ContentView.swift; sourceTree = "<group>"; };
		C34BA5C89136718B5901B33E /* TimeManager.swift */ = {isa = PBXFileReference; includeInIndex = 1; lastKnownFileType = sourcecode.swift; path = TimeManager.swift; sourceTree = "<group>"; };
		CB77105E09B498F6E13895F9 /* TimeZones.swift */ = {isa = PBXFileReference; includeInIndex = 1; lastKnownFileType = sourcecode.swift; path = TimeZones.swift; sourceTree = "<group>"; };
		D74D5A56BDB38F291615EED7 /* BusinessCalendar.swift */ = {isa = PBXFileReference; includeInIndex = 1; lastKnownFileType = sourcecode.swift; path = BusinessCalendar.swift; sourceTree = "<group>"; };
		DA9F691F50437DD611370ACD /* Foundation.framework */ = {isa = PBXFileReference; lastKnownFileType = wrapper.framework; name = Foundation.framework; path = Platforms/iPhoneOS.platform/Developer/SDKs/iPhoneOS18.0.sdk/System/Library/Frameworks/Foundation.framework; sourceTree = DEVELOPER_DIR; };
		EC9A571D1B36F8EB1A7FA155 /* Formatting.swift */ = {isa = PBXFileReference; includeInIndex = 1; lastKnownFileType = sourcecode.swift; path = Formatting.swift; sourceTree = "<group>"; };
		E5F2D3A02B3C4D5E6F708192 /* LaunchScreen.storyboard */ = {isa = PBXFileReference; lastKnownFileType = file.storyboard; path = LaunchScreen.storyboard; sourceTree = "<group>"; };
/* End PBXFileReference section */

/* Begin PBXFrameworksBuildPhase section */
		E6B97E5617A5CBF9E34708A6 /* Frameworks */ = {
			isa = PBXFrameworksBuildPhase;
			buildActionMask = 2147483647;
			files = (
				A4EE5484D2D7F9AD22FE6097 /* Foundation.framework in Frameworks */,
			);
			runOnlyForDeploymentPostprocessing = 0;
		};
/* End PBXFrameworksBuildPhase section */

/* Begin PBXGroup section */
		0304D75BEB285382B1AEDF79 /* ChronoKit */ = {
			isa = PBXGroup;
			children = (
				D74D5A56BDB38F291615EED7 /* BusinessCalendar.swift */,
				68B36F14E347AACD85BCDA4B /* CalendarTools.swift */,
				49167DDB596410204B819A39 /* Comparison.swift */,
				EC9A571D1B36F8EB1A7FA155 /* Formatting.swift */,
				C34BA5C89136718B5901B33E /* TimeManager.swift */,
				CB77105E09B498F6E13895F9 /* TimeZones.swift */,
				909989B00CE5F927E5215F12 /* Types.swift */,
			);
			path = ChronoKit;
			sourceTree = "<group>";
		};
		263DCE05849EB82E4C60C89B /* Tests */ = {
			isa = PBXGroup;
			children = (
				D8C637FF30EEDE2F3D997AE3 /* ChronoKitTests */,
			);
			name = Tests;
			path = ../Tests;
			sourceTree = "<group>";
		};
		567CE9D0722F4678A202D5BD /* iOS */ = {
			isa = PBXGroup;
			children = (
				DA9F691F50437DD611370ACD /* Foundation.framework */,
			);
			name = iOS;
			sourceTree = "<group>";
		};
		61444D120E5156F60ACE50A2 /* Products */ = {
			isa = PBXGroup;
			children = (
				2594CF5D0CBAD9452D529293 /* ExampleApp.app */,
			);
			name = Products;
			sourceTree = "<group>";
		};
		C9164F0C936EA7E40C880997 = {
			isa = PBXGroup;
			children = (
				61444D120E5156F60ACE50A2 /* Products */,
				D6F49BE254C7994A6E1E56A7 /* Frameworks */,
				D004E028AD8B66A0924DB315 /* ExampleApp */,
				CD3CD129A5404FEB2E304337 /* Sources */,
				263DCE05849EB82E4C60C89B /* Tests */,
			);
			sourceTree = "<group>";
		};
		CD3CD129A5404FEB2E304337 /* Sources */ = {
			isa = PBXGroup;
			children = (
				0304D75BEB285382B1AEDF79 /* ChronoKit */,
			);
			name = Sources;
			path = ../Sources;
			sourceTree = "<group>";
		};
		D004E028AD8B66A0924DB315 /* ExampleApp */ = {
			isa = PBXGroup;
			children = (
				83CD02F1F940C3E3585C0620 /* ExampleApp.swift */,
				9DADCB1FEC66AF1710E6DE85 /* ContentView.swift */,
				E5F2D3A02B3C4D5E6F708192 /* LaunchScreen.storyboard */,
				3E8781CFCE08942B29896FA5 /* Assets.xcassets */,
			);
			path = ExampleApp;
			sourceTree = "<group>";
		};
		D6F49BE254C7994A6E1E56A7 /* Frameworks */ = {
			isa = PBXGroup;
			children = (
				567CE9D0722F4678A202D5BD /* iOS */,
			);
			name = Frameworks;
			sourceTree = "<group>";
		};
		D8C637FF30EEDE2F3D997AE3 /* ChronoKitTests */ = {
			isa = PBXGroup;
			children = (
				33DE5195BDA321078AEAD8D4 /* TimeManagerTests.swift */,
			);
			path = ChronoKitTests;
			sourceTree = "<group>";
		};
/* End PBXGroup section */

/* Begin PBXNativeTarget section */
		15F167E5A5EE5004ACB246F0 /* ExampleApp */ = {
			isa = PBXNativeTarget;
			buildConfigurationList = 9C64190DD0B3D47E55578492 /* Build configuration list for PBXNativeTarget "ExampleApp" */;
			buildPhases = (
				C11E5283C58029623E8951BF /* Sources */,
				E6B97E5617A5CBF9E34708A6 /* Frameworks */,
				0C505593707A542D55ADEB5F /* Resources */,
			);
			buildRules = (
			);
			dependencies = (
			);
			name = ExampleApp;
			productName = ExampleApp;
			productReference = 2594CF5D0CBAD9452D529293 /* ExampleApp.app */;
			productType = "com.apple.product-type.application";
		};
/* End PBXNativeTarget section */

/* Begin PBXProject section */
		D16EAF319313B496F3BCDC67 /* Project object */ = {
			isa = PBXProject;
			attributes = {
				LastSwiftUpdateCheck = 1600;
				LastUpgradeCheck = 2630;
				ORGANIZATIONNAME = "Open Source Contributors";
				TargetAttributes = {
					15F167E5A5EE5004ACB246F0 = {
						DevelopmentTeam = G5RG8F5A22;
						ProvisioningStyle = Automatic;
					};
				};
			};
			buildConfigurationList = 19A4DE2A2D679EB8E1933809 /* Build configuration list for PBXProject "ExampleApp" */;
			compatibilityVersion = "Xcode 3.2";
			developmentRegion = en;
			hasScannedForEncodings = 0;
			knownRegions = (
				en,
				Base,
			);
			mainGroup = C9164F0C936EA7E40C880997;
			productRefGroup = 61444D120E5156F60ACE50A2 /* Products */;
			projectDirPath = "";
			projectRoot = "";
			targets = (
				15F167E5A5EE5004ACB246F0 /* ExampleApp */,
			);
		};
/* End PBXProject section */

/* Begin PBXResourcesBuildPhase section */
		0C505593707A542D55ADEB5F /* Resources */ = {
			isa = PBXResourcesBuildPhase;
			buildActionMask = 2147483647;
			files = (
				D60D6D1D25B4AB3DF1885CC5 /* Assets.xcassets in Resources */,
				E5F2D3A12B3C4D5E6F708192 /* LaunchScreen.storyboard in Resources */,
			);
			runOnlyForDeploymentPostprocessing = 0;
		};
/* End PBXResourcesBuildPhase section */

/* Begin PBXSourcesBuildPhase section */
		C11E5283C58029623E8951BF /* Sources */ = {
			isa = PBXSourcesBuildPhase;
			buildActionMask = 2147483647;
			files = (
				76208AFFD007B1CE0A334344 /* ExampleApp.swift in Sources */,
				11208A271B620BE0C376F9C6 /* ContentView.swift in Sources */,
				13A054DF234F270AC850E73D /* BusinessCalendar.swift in Sources */,
				36720BEF125D20BB09DABA44 /* CalendarTools.swift in Sources */,
				588290D416B8164AD61051CB /* Comparison.swift in Sources */,
				7378207692D63BB3396AB121 /* Formatting.swift in Sources */,
				3C25E5478DD6E97CF21A2389 /* TimeManager.swift in Sources */,
				27EC27282FCBE46ED40159B8 /* TimeZones.swift in Sources */,
				12EFA219B61E02ED3A9BE016 /* Types.swift in Sources */,
			);
			runOnlyForDeploymentPostprocessing = 0;
		};
/* End PBXSourcesBuildPhase section */

/* Begin XCBuildConfiguration section */
		1A62DC4F8785C0743F229D13 /* Release */ = {
			isa = XCBuildConfiguration;
			buildSettings = {
				ALWAYS_SEARCH_USER_PATHS = NO;
				CLANG_ANALYZER_NONNULL = YES;
				CLANG_ANALYZER_NUMBER_OBJECT_CONVERSION = YES_AGGRESSIVE;
				CLANG_CXX_LANGUAGE_STANDARD = "gnu++14";
				CLANG_CXX_LIBRARY = "libc++";
				CLANG_ENABLE_MODULES = YES;
				CLANG_ENABLE_OBJC_ARC = YES;
				CLANG_ENABLE_OBJC_WEAK = YES;
				CLANG_WARN_BLOCK_CAPTURE_AUTORELEASING = YES;
				CLANG_WARN_BOOL_CONVERSION = YES;
				CLANG_WARN_COMMA = YES;
				CLANG_WARN_CONSTANT_CONVERSION = YES;
				CLANG_WARN_DEPRECATED_OBJC_IMPLEMENTATIONS = YES;
				CLANG_WARN_DIRECT_OBJC_ISA_USAGE = YES_ERROR;
				CLANG_WARN_DOCUMENTATION_COMMENTS = YES;
				CLANG_WARN_EMPTY_BODY = YES;
				CLANG_WARN_ENUM_CONVERSION = YES;
				CLANG_WARN_INFINITE_RECURSION = YES;
				CLANG_WARN_INT_CONVERSION = YES;
				CLANG_WARN_NON_LITERAL_NULL_CONVERSION = YES;
				CLANG_WARN_OBJC_IMPLICIT_RETAIN_SELF = YES;
				CLANG_WARN_OBJC_LITERAL_CONVERSION = YES;
				CLANG_WARN_OBJC_ROOT_CLASS = YES_ERROR;
				CLANG_WARN_QUOTED_INCLUDE_IN_FRAMEWORK_HEADER = YES;
				CLANG_WARN_RANGE_LOOP_ANALYSIS = YES;
				CLANG_WARN_STRICT_PROTOTYPES = YES;
				CLANG_WARN_SUSPICIOUS_MOVE = YES;
				CLANG_WARN_UNGUARDED_AVAILABILITY = YES_AGGRESSIVE;
				CLANG_WARN_UNREACHABLE_CODE = YES;
				CLANG_WARN__DUPLICATE_METHOD_MATCH = YES;
				COPY_PHASE_STRIP = NO;
				DEBUG_INFORMATION_FORMAT = "dwarf-with-dsym";
				ENABLE_NS_ASSERTIONS = NO;
				ENABLE_STRICT_OBJC_MSGSEND = YES;
				GCC_C_LANGUAGE_STANDARD = gnu11;
				GCC_NO_COMMON_BLOCKS = YES;
				GCC_WARN_64_TO_32_BIT_CONVERSION = YES;
				GCC_WARN_ABOUT_RETURN_TYPE = YES_ERROR;
				GCC_WARN_UNDECLARED_SELECTOR = YES;
				GCC_WARN_UNINITIALIZED_AUTOS = YES_AGGRESSIVE;
				GCC_WARN_UNUSED_FUNCTION = YES;
				GCC_WARN_UNUSED_VARIABLE = YES;
				IPHONEOS_DEPLOYMENT_TARGET = 16.6;
				MTL_ENABLE_DEBUG_INFO = NO;
				MTL_FAST_MATH = YES;
				PRODUCT_NAME = "$(TARGET_NAME)";
				SWIFT_OPTIMIZATION_LEVEL = "-Owholemodule";
				SWIFT_VERSION = 5.0;
			};
			name = Release;
		};
		442F2F0FEA9954C9B6E0422F /* Debug */ = {
			isa = XCBuildConfiguration;
			buildSettings = {
				ASSETCATALOG_COMPILER_APPICON_NAME = AppIcon;
				ASSETCATALOG_COMPILER_GLOBAL_ACCENT_COLOR_NAME = AccentColor;
				CLANG_ENABLE_OBJC_WEAK = NO;
				CODE_SIGN_STYLE = Automatic;
				CURRENT_PROJECT_VERSION = 1;
				DEVELOPMENT_TEAM = G5RG8F5A22;
				GENERATE_INFOPLIST_FILE = YES;
				INFOPLIST_KEY_UIApplicationSceneManifest_Generation = YES;
				INFOPLIST_KEY_UIApplicationSupportsIndirectInputEvents = YES;
				INFOPLIST_KEY_UILaunchStoryboardName = LaunchScreen;
				INFOPLIST_KEY_UISupportedInterfaceOrientations_iPad = "UIInterfaceOrientationPortrait UIInterfaceOrientationPortraitUpsideDown UIInterfaceOrientationLandscapeLeft UIInterfaceOrientationLandscapeRight";
				INFOPLIST_KEY_UISupportedInterfaceOrientations_iPhone = "UIInterfaceOrientationPortrait UIInterfaceOrientationLandscapeLeft UIInterfaceOrientationLandscapeRight";
				IPHONEOS_DEPLOYMENT_TARGET = 16.6;
				LD_RUNPATH_SEARCH_PATHS = "$(inherited) @executable_path/Frameworks";
				MARKETING_VERSION = 1.0.0;
				PRODUCT_BUNDLE_IDENTIFIER = com.dt.ExampleApp;
				PRODUCT_NAME = "$(TARGET_NAME)";
				SDKROOT = iphoneos;
				SWIFT_VERSION = 5.0;
				TARGETED_DEVICE_FAMILY = "1,2";
			};
			name = Debug;
		};
		8EC6455D6814C181234A9D72 /* Debug */ = {
			isa = XCBuildConfiguration;
			buildSettings = {
				ALWAYS_SEARCH_USER_PATHS = NO;
				CLANG_ANALYZER_NONNULL = YES;
				CLANG_ANALYZER_NUMBER_OBJECT_CONVERSION = YES_AGGRESSIVE;
				CLANG_CXX_LANGUAGE_STANDARD = "gnu++14";
				CLANG_CXX_LIBRARY = "libc++";
				CLANG_ENABLE_MODULES = YES;
				CLANG_ENABLE_OBJC_ARC = YES;
				CLANG_ENABLE_OBJC_WEAK = YES;
				CLANG_WARN_BLOCK_CAPTURE_AUTORELEASING = YES;
				CLANG_WARN_BOOL_CONVERSION = YES;
				CLANG_WARN_COMMA = YES;
				CLANG_WARN_CONSTANT_CONVERSION = YES;
				CLANG_WARN_DEPRECATED_OBJC_IMPLEMENTATIONS = YES;
				CLANG_WARN_DIRECT_OBJC_ISA_USAGE = YES_ERROR;
				CLANG_WARN_DOCUMENTATION_COMMENTS = YES;
				CLANG_WARN_EMPTY_BODY = YES;
				CLANG_WARN_ENUM_CONVERSION = YES;
				CLANG_WARN_INFINITE_RECURSION = YES;
				CLANG_WARN_INT_CONVERSION = YES;
				CLANG_WARN_NON_LITERAL_NULL_CONVERSION = YES;
				CLANG_WARN_OBJC_IMPLICIT_RETAIN_SELF = YES;
				CLANG_WARN_OBJC_LITERAL_CONVERSION = YES;
				CLANG_WARN_OBJC_ROOT_CLASS = YES_ERROR;
				CLANG_WARN_QUOTED_INCLUDE_IN_FRAMEWORK_HEADER = YES;
				CLANG_WARN_RANGE_LOOP_ANALYSIS = YES;
				CLANG_WARN_STRICT_PROTOTYPES = YES;
				CLANG_WARN_SUSPICIOUS_MOVE = YES;
				CLANG_WARN_UNGUARDED_AVAILABILITY = YES_AGGRESSIVE;
				CLANG_WARN_UNREACHABLE_CODE = YES;
				CLANG_WARN__DUPLICATE_METHOD_MATCH = YES;
				COPY_PHASE_STRIP = NO;
				DEBUG_INFORMATION_FORMAT = dwarf;
				ENABLE_STRICT_OBJC_MSGSEND = YES;
				ENABLE_TESTABILITY = YES;
				GCC_C_LANGUAGE_STANDARD = gnu11;
				GCC_DYNAMIC_NO_PIC = NO;
				GCC_NO_COMMON_BLOCKS = YES;
				GCC_OPTIMIZATION_LEVEL = 0;
				GCC_PREPROCESSOR_DEFINITIONS = (
					"DEBUG=1",
					"$(inherited)",
				);
				GCC_WARN_64_TO_32_BIT_CONVERSION = YES;
				GCC_WARN_ABOUT_RETURN_TYPE = YES_ERROR;
				GCC_WARN_UNDECLARED_SELECTOR = YES;
				GCC_WARN_UNINITIALIZED_AUTOS = YES_AGGRESSIVE;
				GCC_WARN_UNUSED_FUNCTION = YES;
				GCC_WARN_UNUSED_VARIABLE = YES;
				IPHONEOS_DEPLOYMENT_TARGET = 16.6;
				MTL_ENABLE_DEBUG_INFO = INCLUDE_SOURCE;
				MTL_FAST_MATH = YES;
				ONLY_ACTIVE_ARCH = YES;
				PRODUCT_NAME = "$(TARGET_NAME)";
				SWIFT_ACTIVE_COMPILATION_CONDITIONS = DEBUG;
				SWIFT_OPTIMIZATION_LEVEL = "-Onone";
				SWIFT_VERSION = 5.0;
			};
			name = Debug;
		};
		9861B63ADF95A22CABFB6D0F /* Release */ = {
			isa = XCBuildConfiguration;
			buildSettings = {
				ASSETCATALOG_COMPILER_APPICON_NAME = AppIcon;
				ASSETCATALOG_COMPILER_GLOBAL_ACCENT_COLOR_NAME = AccentColor;
				CLANG_ENABLE_OBJC_WEAK = NO;
				CODE_SIGN_STYLE = Automatic;
				CURRENT_PROJECT_VERSION = 1;
				DEVELOPMENT_TEAM = G5RG8F5A22;
				GENERATE_INFOPLIST_FILE = YES;
				INFOPLIST_KEY_UIApplicationSceneManifest_Generation = YES;
				INFOPLIST_KEY_UIApplicationSupportsIndirectInputEvents = YES;
				INFOPLIST_KEY_UILaunchStoryboardName = LaunchScreen;
				INFOPLIST_KEY_UISupportedInterfaceOrientations_iPad = "UIInterfaceOrientationPortrait UIInterfaceOrientationPortraitUpsideDown UIInterfaceOrientationLandscapeLeft UIInterfaceOrientationLandscapeRight";
				INFOPLIST_KEY_UISupportedInterfaceOrientations_iPhone = "UIInterfaceOrientationPortrait UIInterfaceOrientationLandscapeLeft UIInterfaceOrientationLandscapeRight";
				IPHONEOS_DEPLOYMENT_TARGET = 16.6;
				LD_RUNPATH_SEARCH_PATHS = "$(inherited) @executable_path/Frameworks";
				MARKETING_VERSION = 1.0.0;
				PRODUCT_BUNDLE_IDENTIFIER = com.dt.ExampleApp;
				PRODUCT_NAME = "$(TARGET_NAME)";
				SDKROOT = iphoneos;
				SWIFT_VERSION = 5.0;
				TARGETED_DEVICE_FAMILY = "1,2";
				VALIDATE_PRODUCT = YES;
			};
			name = Release;
		};
/* End XCBuildConfiguration section */

/* Begin XCConfigurationList section */
		19A4DE2A2D679EB8E1933809 /* Build configuration list for PBXProject "ExampleApp" */ = {
			isa = XCConfigurationList;
			buildConfigurations = (
				8EC6455D6814C181234A9D72 /* Debug */,
				1A62DC4F8785C0743F229D13 /* Release */,
			);
			defaultConfigurationIsVisible = 0;
			defaultConfigurationName = Release;
		};
		9C64190DD0B3D47E55578492 /* Build configuration list for PBXNativeTarget "ExampleApp" */ = {
			isa = XCConfigurationList;
			buildConfigurations = (
				9861B63ADF95A22CABFB6D0F /* Release */,
				442F2F0FEA9954C9B6E0422F /* Debug */,
			);
			defaultConfigurationIsVisible = 0;
			defaultConfigurationName = Release;
		};
/* End XCConfigurationList section */
	};
	rootObject = D16EAF319313B496F3BCDC67 /* Project object */;
}
